
Microsoft Visual Studio Solution File, Format Version 12.00
# Visual Studio Version 17
VisualStudioVersion = 17.7.34031.279
MinimumVisualStudioVersion = 10.0.40219.1
Project("{8BC9CEB8-8B4A-11D0-8D11-00A0C91BC942}") = "Beal", "Beal\Beal.vcxproj", "{3CEF4080-7CD5-4255-8253-2D16185658DF}"
EndProject
Global
	GlobalSection(SolutionConfigurationPlatforms) = preSolution
		Debug|x64 = Debug|x64
		Debug|x86 = Debug|x86
		Release|x64 = Release|x64
		Release|x86 = Release|x86
	EndGlobalSection
	GlobalSection(ProjectConfigurationPlatforms) = postSolution
		{3CEF4080-7CD5-4255-8253-2D16185658DF}.Debug|x64.ActiveCfg = Debug|x64
		{3CEF4080-7CD5-4255-8253-2D16185658DF}.Debug|x64.Build.0 = Debug|x64
		{3CEF4080-7CD5-4255-8253-2D16185658DF}.Debug|x86.ActiveCfg = Debug|Win32
		{3CEF4080-7CD5-4255-8253-2D16185658DF}.Debug|x86.Build.0 = Debug|Win32
		{3CEF4080-7CD5-4255-8253-2D16185658DF}.Release|x64.ActiveCfg = Release|x64
		{3CEF4080-7CD5-4255-8253-2D16185658DF}.Release|x64.Build.0 = Release|x64
		{3CEF4080-7CD5-4255-8253-2D16185658DF}.Release|x86.ActiveCfg = Release|Win32
		{3CEF4080-7CD5-4255-8253-2D16185658DF}.Release|x86.Build.0 = Release|Win32
	EndGlobalSection
	GlobalSection(SolutionProperties) = preSolution
		HideSolutionNode = FALSE
	EndGlobalSection
	GlobalSection(ExtensibilityGlobals) = postSolution
		SolutionGuid = {7A233E91-40EF-45D5-9D64-D858869C27BA}
	EndGlobalSection
EndGlobal
